
Microsoft Visual Studio Solution File, Format Version 12.00
# Visual Studio Version 17
VisualStudioVersion = 17.10.35122.118
MinimumVisualStudioVersion = 10.0.40219.1
Project("{FAE04EC0-301F-11D3-BF4B-00C04F79EFBC}") = "Atividade", "Atividade\Atividade.csproj", "{7DF4FBE9-BBFB-4A1C-8F5F-DC0AF70955B8}"
EndProject
Global
	GlobalSection(SolutionConfigurationPlatforms) = preSolution
		Debug|Any CPU = Debug|Any CPU
		Release|Any CPU = Release|Any CPU
	EndGlobalSection
	GlobalSection(ProjectConfigurationPlatforms) = postSolution
		{7DF4FBE9-BBFB-4A1C-8F5F-DC0AF70955B8}.Debug|Any CPU.ActiveCfg = Debug|Any CPU
		{7DF4FBE9-BBFB-4A1C-8F5F-DC0AF70955B8}.Debug|Any CPU.Build.0 = Debug|Any CPU
		{7DF4FBE9-BBFB-4A1C-8F5F-DC0AF70955B8}.Release|Any CPU.ActiveCfg = Release|Any CPU
		{7DF4FBE9-BBFB-4A1C-8F5F-DC0AF70955B8}.Release|Any CPU.Build.0 = Release|Any CPU
	EndGlobalSection
	GlobalSection(SolutionProperties) = preSolution
		HideSolutionNode = FALSE
	EndGlobalSection
	GlobalSection(ExtensibilityGlobals) = postSolution
		SolutionGuid = {69F54F10-8A7D-45F2-8EE6-D5CEC9F217AD}
	EndGlobalSection
EndGlobal
